
Microsoft Visual Studio Solution File, Format Version 12.00
# Visual Studio Version 16
VisualStudioVersion = 16.0.30011.22
MinimumVisualStudioVersion = 10.0.40219.1
Project("{FAE04EC0-301F-11D3-BF4B-00C04F79EFBC}") = "WpfApp2", "WpfApp2\WpfApp2.csproj", "{37CD918A-657F-4C0F-85DE-D4809BDC27EA}"
EndProject
Global
	GlobalSection(SolutionConfigurationPlatforms) = preSolution
		Debug|Any CPU = Debug|Any CPU
		Release|Any CPU = Release|Any CPU
	EndGlobalSection
	GlobalSection(ProjectConfigurationPlatforms) = postSolution
		{37CD918A-657F-4C0F-85DE-D4809BDC27EA}.Debug|Any CPU.ActiveCfg = Debug|Any CPU
		{37CD918A-657F-4C0F-85DE-D4809BDC27EA}.Debug|Any CPU.Build.0 = Debug|Any CPU
		{37CD918A-657F-4C0F-85DE-D4809BDC27EA}.Release|Any CPU.ActiveCfg = Release|Any CPU
		{37CD918A-657F-4C0F-85DE-D4809BDC27EA}.Release|Any CPU.Build.0 = Release|Any CPU
	EndGlobalSection
	GlobalSection(SolutionProperties) = preSolution
		HideSolutionNode = FALSE
	EndGlobalSection
	GlobalSection(ExtensibilityGlobals) = postSolution
		SolutionGuid = {8AEF92FC-7523-4C08-8FBA-5AC3E3051B64}
	EndGlobalSection
EndGlobal
